
Microsoft Visual Studio Solution File, Format Version 12.00
# Visual Studio Version 16
VisualStudioVersion = 16.0.32126.315
MinimumVisualStudioVersion = 10.0.40219.1
Project("{FAE04EC0-301F-11D3-BF4B-00C04F79EFBC}") = "PeriStuff", "Timeline\PeriStuff.csproj", "{AE94D267-06A9-42AE-BABC-C0ECA41D2DEE}"
EndProject
Project("{FAE04EC0-301F-11D3-BF4B-00C04F79EFBC}") = "Tests", "Tests\Tests.csproj", "{6199B442-E5F6-4A3D-8ACB-471353477CF1}"
EndProject
Global
	GlobalSection(SolutionConfigurationPlatforms) = preSolution
		Debug|Any CPU = Debug|Any CPU
		Release|Any CPU = Release|Any CPU
	EndGlobalSection
	GlobalSection(ProjectConfigurationPlatforms) = postSolution
		{AE94D267-06A9-42AE-BABC-C0ECA41D2DEE}.Debug|Any CPU.ActiveCfg = Debug|Any CPU
		{AE94D267-06A9-42AE-BABC-C0ECA41D2DEE}.Debug|Any CPU.Build.0 = Debug|Any CPU
		{AE94D267-06A9-42AE-BABC-C0ECA41D2DEE}.Release|Any CPU.ActiveCfg = Release|Any CPU
		{AE94D267-06A9-42AE-BABC-C0ECA41D2DEE}.Release|Any CPU.Build.0 = Release|Any CPU
		{6199B442-E5F6-4A3D-8ACB-471353477CF1}.Debug|Any CPU.ActiveCfg = Debug|Any CPU
		{6199B442-E5F6-4A3D-8ACB-471353477CF1}.Debug|Any CPU.Build.0 = Debug|Any CPU
		{6199B442-E5F6-4A3D-8ACB-471353477CF1}.Release|Any CPU.ActiveCfg = Release|Any CPU
		{6199B442-E5F6-4A3D-8ACB-471353477CF1}.Release|Any CPU.Build.0 = Release|Any CPU
	EndGlobalSection
	GlobalSection(SolutionProperties) = preSolution
		HideSolutionNode = FALSE
	EndGlobalSection
	GlobalSection(ExtensibilityGlobals) = postSolution
		SolutionGuid = {37913597-3A52-4B82-B537-BB5AAEE332EB}
	EndGlobalSection
EndGlobal
